
Microsoft Visual Studio Solution File, Format Version 12.00
Project("{FAE04EC0-301F-11D3-BF4B-00C04F79EFBC}") = "CRUDSolution", "CRUDSolution\CRUDSolution.csproj", "{3A6D199E-C6BD-45A2-9D90-E2F3BE758226}"
EndProject
Project("{FAE04EC0-301F-11D3-BF4B-00C04F79EFBC}") = "CRUDTests", "CRUDTests\CRUDTests.csproj", "{244285BE-085B-44C6-9633-9ABBD1286ECE}"
EndProject
Project("{FAE04EC0-301F-11D3-BF4B-00C04F79EFBC}") = "Entities", "Entities\Entities.csproj", "{E9A2A5EA-7204-42F2-AD5F-E1678261F96C}"
EndProject
Project("{FAE04EC0-301F-11D3-BF4B-00C04F79EFBC}") = "ServiceContracts", "ServiceContracts\ServiceContracts.csproj", "{342E8BE0-51AF-4998-B036-55C7591C2AE0}"
EndProject
Global
	GlobalSection(SolutionConfigurationPlatforms) = preSolution
		Debug|Any CPU = Debug|Any CPU
		Release|Any CPU = Release|Any CPU
	EndGlobalSection
	GlobalSection(ProjectConfigurationPlatforms) = postSolution
		{3A6D199E-C6BD-45A2-9D90-E2F3BE758226}.Debug|Any CPU.ActiveCfg = Debug|Any CPU
		{3A6D199E-C6BD-45A2-9D90-E2F3BE758226}.Debug|Any CPU.Build.0 = Debug|Any CPU
		{3A6D199E-C6BD-45A2-9D90-E2F3BE758226}.Release|Any CPU.ActiveCfg = Release|Any CPU
		{3A6D199E-C6BD-45A2-9D90-E2F3BE758226}.Release|Any CPU.Build.0 = Release|Any CPU
		{244285BE-085B-44C6-9633-9ABBD1286ECE}.Debug|Any CPU.ActiveCfg = Debug|Any CPU
		{244285BE-085B-44C6-9633-9ABBD1286ECE}.Debug|Any CPU.Build.0 = Debug|Any CPU
		{244285BE-085B-44C6-9633-9ABBD1286ECE}.Release|Any CPU.ActiveCfg = Release|Any CPU
		{244285BE-085B-44C6-9633-9ABBD1286ECE}.Release|Any CPU.Build.0 = Release|Any CPU
		{E9A2A5EA-7204-42F2-AD5F-E1678261F96C}.Debug|Any CPU.ActiveCfg = Debug|Any CPU
		{E9A2A5EA-7204-42F2-AD5F-E1678261F96C}.Debug|Any CPU.Build.0 = Debug|Any CPU
		{E9A2A5EA-7204-42F2-AD5F-E1678261F96C}.Release|Any CPU.ActiveCfg = Release|Any CPU
		{E9A2A5EA-7204-42F2-AD5F-E1678261F96C}.Release|Any CPU.Build.0 = Release|Any CPU
		{342E8BE0-51AF-4998-B036-55C7591C2AE0}.Debug|Any CPU.ActiveCfg = Debug|Any CPU
		{342E8BE0-51AF-4998-B036-55C7591C2AE0}.Debug|Any CPU.Build.0 = Debug|Any CPU
		{342E8BE0-51AF-4998-B036-55C7591C2AE0}.Release|Any CPU.ActiveCfg = Release|Any CPU
		{342E8BE0-51AF-4998-B036-55C7591C2AE0}.Release|Any CPU.Build.0 = Release|Any CPU
	EndGlobalSection
EndGlobal
